
Microsoft Visual Studio Solution File, Format Version 12.00
# Visual Studio Version 17
VisualStudioVersion = 17.9.34728.123
MinimumVisualStudioVersion = 10.0.40219.1
Project("{FAE04EC0-301F-11D3-BF4B-00C04F79EFBC}") = "FastCodePaster", "FastCodePaster\FastCodePaster.csproj", "{B3B570A0-DF16-430F-9DAD-8CAB0B16F591}"
EndProject
Global
	GlobalSection(SolutionConfigurationPlatforms) = preSolution
		Debug|Any CPU = Debug|Any CPU
		Release|Any CPU = Release|Any CPU
	EndGlobalSection
	GlobalSection(ProjectConfigurationPlatforms) = postSolution
		{B3B570A0-DF16-430F-9DAD-8CAB0B16F591}.Debug|Any CPU.ActiveCfg = Debug|Any CPU
		{B3B570A0-DF16-430F-9DAD-8CAB0B16F591}.Debug|Any CPU.Build.0 = Debug|Any CPU
		{B3B570A0-DF16-430F-9DAD-8CAB0B16F591}.Release|Any CPU.ActiveCfg = Release|Any CPU
		{B3B570A0-DF16-430F-9DAD-8CAB0B16F591}.Release|Any CPU.Build.0 = Release|Any CPU
	EndGlobalSection
	GlobalSection(SolutionProperties) = preSolution
		HideSolutionNode = FALSE
	EndGlobalSection
	GlobalSection(ExtensibilityGlobals) = postSolution
		SolutionGuid = {2CA9F300-5B22-4408-B448-3BD5BF1015C4}
	EndGlobalSection
EndGlobal
